
Microsoft Visual Studio Solution File, Format Version 12.00
# Visual Studio Version 17
VisualStudioVersion = 17.9.34728.123
MinimumVisualStudioVersion = 10.0.40219.1
Project("{FAE04EC0-301F-11D3-BF4B-00C04F79EFBC}") = "IntroASP", "IntroASP\IntroASP.csproj", "{4D080A72-905E-4D6A-81BD-C249D2593FD7}"
EndProject
Global
	GlobalSection(SolutionConfigurationPlatforms) = preSolution
		Debug|Any CPU = Debug|Any CPU
		Release|Any CPU = Release|Any CPU
	EndGlobalSection
	GlobalSection(ProjectConfigurationPlatforms) = postSolution
		{4D080A72-905E-4D6A-81BD-C249D2593FD7}.Debug|Any CPU.ActiveCfg = Debug|Any CPU
		{4D080A72-905E-4D6A-81BD-C249D2593FD7}.Debug|Any CPU.Build.0 = Debug|Any CPU
		{4D080A72-905E-4D6A-81BD-C249D2593FD7}.Release|Any CPU.ActiveCfg = Release|Any CPU
		{4D080A72-905E-4D6A-81BD-C249D2593FD7}.Release|Any CPU.Build.0 = Release|Any CPU
	EndGlobalSection
	GlobalSection(SolutionProperties) = preSolution
		HideSolutionNode = FALSE
	EndGlobalSection
	GlobalSection(ExtensibilityGlobals) = postSolution
		SolutionGuid = {6DBC1A6D-01A3-419F-AEE2-0FC92DE8AC2F}
	EndGlobalSection
EndGlobal
